
Microsoft Visual Studio Solution File, Format Version 12.00
# Visual Studio Version 16
VisualStudioVersion = 16.0.30907.101
MinimumVisualStudioVersion = 10.0.40219.1
Project("{9A19103F-16F7-4668-BE54-9A1E7A4F7556}") = "ZDC.Core", "ZDC.Core\ZDC.Core.csproj", "{5705870C-CC77-46B7-9712-6FC54F411056}"
EndProject
Project("{2150E333-8FDC-42A3-9474-1A3956D46DE8}") = "Solution Items", "Solution Items", "{D7372DE1-FCDF-49DD-A277-576921C2D345}"
	ProjectSection(SolutionItems) = preProject
		.gitignore = .gitignore
	EndProjectSection
EndProject
Project("{9A19103F-16F7-4668-BE54-9A1E7A4F7556}") = "ZDC.Core.Tests", "ZDC.Core.Tests\ZDC.Core.Tests.csproj", "{A8EBE298-4523-42B1-98E4-B978C48BDAC7}"
EndProject
Global
	GlobalSection(SolutionConfigurationPlatforms) = preSolution
		Debug|Any CPU = Debug|Any CPU
		Release|Any CPU = Release|Any CPU
	EndGlobalSection
	GlobalSection(ProjectConfigurationPlatforms) = postSolution
		{5705870C-CC77-46B7-9712-6FC54F411056}.Debug|Any CPU.ActiveCfg = Debug|Any CPU
		{5705870C-CC77-46B7-9712-6FC54F411056}.Debug|Any CPU.Build.0 = Debug|Any CPU
		{5705870C-CC77-46B7-9712-6FC54F411056}.Release|Any CPU.ActiveCfg = Release|Any CPU
		{5705870C-CC77-46B7-9712-6FC54F411056}.Release|Any CPU.Build.0 = Release|Any CPU
		{A8EBE298-4523-42B1-98E4-B978C48BDAC7}.Debug|Any CPU.ActiveCfg = Debug|Any CPU
		{A8EBE298-4523-42B1-98E4-B978C48BDAC7}.Debug|Any CPU.Build.0 = Debug|Any CPU
		{A8EBE298-4523-42B1-98E4-B978C48BDAC7}.Release|Any CPU.ActiveCfg = Release|Any CPU
		{A8EBE298-4523-42B1-98E4-B978C48BDAC7}.Release|Any CPU.Build.0 = Release|Any CPU
	EndGlobalSection
	GlobalSection(SolutionProperties) = preSolution
		HideSolutionNode = FALSE
	EndGlobalSection
	GlobalSection(ExtensibilityGlobals) = postSolution
		SolutionGuid = {3492EEB9-CC2E-4AFF-8D1D-D2C57A73A973}
	EndGlobalSection
EndGlobal
